
Microsoft Visual Studio Solution File, Format Version 12.00
# Visual Studio 2013
VisualStudioVersion = 12.0.21005.1
MinimumVisualStudioVersion = 10.0.40219.1
Project("{FAE04EC0-301F-11D3-BF4B-00C04F79EFBC}") = "RentalHousingWebApp", "RentalHousingWebApp\RentalHousingWebApp.csproj", "{FBEC5CCA-E28D-45EF-8A6D-948E53CE266E}"
EndProject
Project("{FAE04EC0-301F-11D3-BF4B-00C04F79EFBC}") = "EncryptoLibrary", "EncryptoLibrary\EncryptoLibrary.csproj", "{7BDBAB3B-9325-428A-93DE-F808C75BA192}"
EndProject
Project("{FAE04EC0-301F-11D3-BF4B-00C04F79EFBC}") = "SOAPServices", "SOAPServices\SOAPServices.csproj", "{2BA666C3-E2E3-4683-BECE-CF1A8D82A540}"
EndProject
Project("{FAE04EC0-301F-11D3-BF4B-00C04F79EFBC}") = "TryItPagesApplication", "TryItPagesApplication\TryItPagesApplication.csproj", "{71396381-14BC-411A-BA73-DCDE8D4B96AC}"
EndProject
Global
	GlobalSection(SolutionConfigurationPlatforms) = preSolution
		Debug|Any CPU = Debug|Any CPU
		Release|Any CPU = Release|Any CPU
	EndGlobalSection
	GlobalSection(ProjectConfigurationPlatforms) = postSolution
		{FBEC5CCA-E28D-45EF-8A6D-948E53CE266E}.Debug|Any CPU.ActiveCfg = Debug|Any CPU
		{FBEC5CCA-E28D-45EF-8A6D-948E53CE266E}.Debug|Any CPU.Build.0 = Debug|Any CPU
		{FBEC5CCA-E28D-45EF-8A6D-948E53CE266E}.Release|Any CPU.ActiveCfg = Release|Any CPU
		{FBEC5CCA-E28D-45EF-8A6D-948E53CE266E}.Release|Any CPU.Build.0 = Release|Any CPU
		{7BDBAB3B-9325-428A-93DE-F808C75BA192}.Debug|Any CPU.ActiveCfg = Debug|Any CPU
		{7BDBAB3B-9325-428A-93DE-F808C75BA192}.Debug|Any CPU.Build.0 = Debug|Any CPU
		{7BDBAB3B-9325-428A-93DE-F808C75BA192}.Release|Any CPU.ActiveCfg = Release|Any CPU
		{7BDBAB3B-9325-428A-93DE-F808C75BA192}.Release|Any CPU.Build.0 = Release|Any CPU
		{2BA666C3-E2E3-4683-BECE-CF1A8D82A540}.Debug|Any CPU.ActiveCfg = Debug|Any CPU
		{2BA666C3-E2E3-4683-BECE-CF1A8D82A540}.Debug|Any CPU.Build.0 = Debug|Any CPU
		{2BA666C3-E2E3-4683-BECE-CF1A8D82A540}.Release|Any CPU.ActiveCfg = Release|Any CPU
		{2BA666C3-E2E3-4683-BECE-CF1A8D82A540}.Release|Any CPU.Build.0 = Release|Any CPU
		{71396381-14BC-411A-BA73-DCDE8D4B96AC}.Debug|Any CPU.ActiveCfg = Debug|Any CPU
		{71396381-14BC-411A-BA73-DCDE8D4B96AC}.Debug|Any CPU.Build.0 = Debug|Any CPU
		{71396381-14BC-411A-BA73-DCDE8D4B96AC}.Release|Any CPU.ActiveCfg = Release|Any CPU
		{71396381-14BC-411A-BA73-DCDE8D4B96AC}.Release|Any CPU.Build.0 = Release|Any CPU
	EndGlobalSection
	GlobalSection(SolutionProperties) = preSolution
		HideSolutionNode = FALSE
	EndGlobalSection
EndGlobal
